
Microsoft Visual Studio Solution File, Format Version 12.00
# Visual Studio Version 18
VisualStudioVersion = 18.3.11512.155 d18.3
MinimumVisualStudioVersion = 10.0.40219.1
Project("{FAE04EC0-301F-11D3-BF4B-00C04F79EFBC}") = "ProjectHub.Api", "ProjectHub.Api.csproj", "{03FC4106-E7DD-5FB9-0676-B29201969EEB}"
EndProject
Global
	GlobalSection(SolutionConfigurationPlatforms) = preSolution
		Debug|Any CPU = Debug|Any CPU
		Release|Any CPU = Release|Any CPU
	EndGlobalSection
	GlobalSection(ProjectConfigurationPlatforms) = postSolution
		{03FC4106-E7DD-5FB9-0676-B29201969EEB}.Debug|Any CPU.ActiveCfg = Debug|Any CPU
		{03FC4106-E7DD-5FB9-0676-B29201969EEB}.Debug|Any CPU.Build.0 = Debug|Any CPU
		{03FC4106-E7DD-5FB9-0676-B29201969EEB}.Release|Any CPU.ActiveCfg = Release|Any CPU
		{03FC4106-E7DD-5FB9-0676-B29201969EEB}.Release|Any CPU.Build.0 = Release|Any CPU
	EndGlobalSection
	GlobalSection(SolutionProperties) = preSolution
		HideSolutionNode = FALSE
	EndGlobalSection
	GlobalSection(ExtensibilityGlobals) = postSolution
		SolutionGuid = {B4C21B57-7EAE-47C7-A93F-65FBC20919F0}
	EndGlobalSection
EndGlobal
